
Microsoft Visual Studio Solution File, Format Version 12.00
# Visual Studio Version 16
VisualStudioVersion = 16.0.30907.101
MinimumVisualStudioVersion = 10.0.40219.1
Project("{FAE04EC0-301F-11D3-BF4B-00C04F79EFBC}") = "GameDemo", "GameDemo\GameDemo.csproj", "{0CBAB1D2-644E-46ED-B91F-DB6DFD861129}"
EndProject
Global
	GlobalSection(SolutionConfigurationPlatforms) = preSolution
		Debug|Any CPU = Debug|Any CPU
		Release|Any CPU = Release|Any CPU
	EndGlobalSection
	GlobalSection(ProjectConfigurationPlatforms) = postSolution
		{0CBAB1D2-644E-46ED-B91F-DB6DFD861129}.Debug|Any CPU.ActiveCfg = Debug|Any CPU
		{0CBAB1D2-644E-46ED-B91F-DB6DFD861129}.Debug|Any CPU.Build.0 = Debug|Any CPU
		{0CBAB1D2-644E-46ED-B91F-DB6DFD861129}.Release|Any CPU.ActiveCfg = Release|Any CPU
		{0CBAB1D2-644E-46ED-B91F-DB6DFD861129}.Release|Any CPU.Build.0 = Release|Any CPU
	EndGlobalSection
	GlobalSection(SolutionProperties) = preSolution
		HideSolutionNode = FALSE
	EndGlobalSection
	GlobalSection(ExtensibilityGlobals) = postSolution
		SolutionGuid = {A244C4CA-7295-4D7D-A678-D0408B481017}
	EndGlobalSection
EndGlobal
